
Microsoft Visual Studio Solution File, Format Version 12.00
# Visual Studio Version 17
VisualStudioVersion = 17.0.31903.59
MinimumVisualStudioVersion = 10.0.40219.1
Project("{FAE04EC0-301F-11D3-BF4B-00C04F79EFBC}") = "Challenges", "Challenges\Challenges.csproj", "{B100C1E3-6964-45B1-9636-F9FD2C33E141}"
EndProject
Project("{FAE04EC0-301F-11D3-BF4B-00C04F79EFBC}") = "Challenges.Tests", "Challenges.Tests\Challenges.Tests.csproj", "{31FA7491-A536-4FAD-994E-DC8BFC1CA432}"
EndProject
Global
	GlobalSection(SolutionConfigurationPlatforms) = preSolution
		Debug|Any CPU = Debug|Any CPU
		Release|Any CPU = Release|Any CPU
	EndGlobalSection
	GlobalSection(SolutionProperties) = preSolution
		HideSolutionNode = FALSE
	EndGlobalSection
	GlobalSection(ProjectConfigurationPlatforms) = postSolution
		{B100C1E3-6964-45B1-9636-F9FD2C33E141}.Debug|Any CPU.ActiveCfg = Debug|Any CPU
		{B100C1E3-6964-45B1-9636-F9FD2C33E141}.Debug|Any CPU.Build.0 = Debug|Any CPU
		{B100C1E3-6964-45B1-9636-F9FD2C33E141}.Release|Any CPU.ActiveCfg = Release|Any CPU
		{B100C1E3-6964-45B1-9636-F9FD2C33E141}.Release|Any CPU.Build.0 = Release|Any CPU
		{31FA7491-A536-4FAD-994E-DC8BFC1CA432}.Debug|Any CPU.ActiveCfg = Debug|Any CPU
		{31FA7491-A536-4FAD-994E-DC8BFC1CA432}.Debug|Any CPU.Build.0 = Debug|Any CPU
		{31FA7491-A536-4FAD-994E-DC8BFC1CA432}.Release|Any CPU.ActiveCfg = Release|Any CPU
		{31FA7491-A536-4FAD-994E-DC8BFC1CA432}.Release|Any CPU.Build.0 = Release|Any CPU
	EndGlobalSection
EndGlobal
